
Microsoft Visual Studio Solution File, Format Version 12.00
# Visual Studio 14
VisualStudioVersion = 14.0.23107.0
MinimumVisualStudioVersion = 10.0.40219.1
Project("{FAE04EC0-301F-11D3-BF4B-00C04F79EFBC}") = "MakersAcademy.Bank", "MakersAcademy.Bank\MakersAcademy.Bank.csproj", "{355E8FAF-D091-493A-9248-0BC33DB7123C}"
EndProject
Project("{FAE04EC0-301F-11D3-BF4B-00C04F79EFBC}") = "MakersAcademy.Bank.Tests", "MakersAcademy.Bank.Tests\MakersAcademy.Bank.Tests.csproj", "{53F8B01D-3E53-4135-A457-83937A6BE1E4}"
EndProject
Global
	GlobalSection(SolutionConfigurationPlatforms) = preSolution
		Debug|Any CPU = Debug|Any CPU
		Release|Any CPU = Release|Any CPU
	EndGlobalSection
	GlobalSection(ProjectConfigurationPlatforms) = postSolution
		{355E8FAF-D091-493A-9248-0BC33DB7123C}.Debug|Any CPU.ActiveCfg = Debug|Any CPU
		{355E8FAF-D091-493A-9248-0BC33DB7123C}.Debug|Any CPU.Build.0 = Debug|Any CPU
		{355E8FAF-D091-493A-9248-0BC33DB7123C}.Release|Any CPU.ActiveCfg = Release|Any CPU
		{355E8FAF-D091-493A-9248-0BC33DB7123C}.Release|Any CPU.Build.0 = Release|Any CPU
		{53F8B01D-3E53-4135-A457-83937A6BE1E4}.Debug|Any CPU.ActiveCfg = Debug|Any CPU
		{53F8B01D-3E53-4135-A457-83937A6BE1E4}.Debug|Any CPU.Build.0 = Debug|Any CPU
		{53F8B01D-3E53-4135-A457-83937A6BE1E4}.Release|Any CPU.ActiveCfg = Release|Any CPU
		{53F8B01D-3E53-4135-A457-83937A6BE1E4}.Release|Any CPU.Build.0 = Release|Any CPU
	EndGlobalSection
	GlobalSection(SolutionProperties) = preSolution
		HideSolutionNode = FALSE
	EndGlobalSection
EndGlobal
